<?xml version="1.0" encoding="UTF-8" standalone="yes" ?>
<CodeBlocks_project_file>
	<FileVersion major="1" minor="6" />
	<Project>
		<Option title="remoteServer" />
		<Option pch_mode="2" />
		<Option compiler="arm-elf-gcc" />
		<Build>
			<Target title="Debug">
				<Option output="bin/Debug/remoteServer" prefix_auto="1" extension_auto="1" />
				<Option object_output="obj/Debug/" />
				<Option type="1" />
				<Option compiler="arm-elf-gcc" />
				<Compiler>
					<Add option="-g" />
					<Add directory="src/" />
				</Compiler>
			</Target>
			<Target title="Release">
				<Option output="bin/Release/remoteServer" prefix_auto="1" extension_auto="1" />
				<Option object_output="obj/Release/" />
				<Option type="1" />
				<Option compiler="arm-elf-gcc" />
				<Compiler>
					<Add option="-O2" />
					<Add directory="src/" />
				</Compiler>
				<Linker>
					<Add option="-s" />
				</Linker>
			</Target>
		</Build>
		<Compiler>
			<Add option="-Wall" />
		</Compiler>
		<Unit filename="src/ReciveHandler.cpp" />
		<Unit filename="src/ReciveHandler.h" />
		<Unit filename="src/TcpServer.cpp" />
		<Unit filename="src/TcpServer.h" />
		<Unit filename="src/main.cpp" />
		<Unit filename="src/milight/AbstractPL1167.h" />
		<Unit filename="src/milight/MiLightPilot.cpp" />
		<Unit filename="src/milight/MiLightPilot.h" />
		<Unit filename="src/milight/MiLightRadio.cpp" />
		<Unit filename="src/milight/MiLightRadio.h" />
		<Unit filename="src/milight/PL1167_nRF24.cpp" />
		<Unit filename="src/milight/PL1167_nRF24.h" />
		<Extensions>
			<code_completion />
			<debugger />
		</Extensions>
	</Project>
</CodeBlocks_project_file>
